// !$*UTF8*$!
{
	archiveVersion = 1;
	classes = {
	};
	objectVersion = 46;
	objects = {

/* Begin PBXBuildFile section */
		D0413BFC19156BDA008E0E5F /* Foundation.framework in Frameworks */ = {isa = PBXBuildFile; fileRef = D0413BFB19156BDA008E0E5F /* Foundation.framework */; };
		D0413BFE19156BDA008E0E5F /* CoreGraphics.framework in Frameworks */ = {isa = PBXBuildFile; fileRef = D0413BFD19156BDA008E0E5F /* CoreGraphics.framework */; };
		D0413C0019156BDA008E0E5F /* UIKit.framework in Frameworks */ = {isa = PBXBuildFile; fileRef = D0413BFF19156BDA008E0E5F /* UIKit.framework */; };
		D0413C0219156BDA008E0E5F /* SpriteKit.framework in Frameworks */ = {isa = PBXBuildFile; fileRef = D0413C0119156BDA008E0E5F /* SpriteKit.framework */; };
		D0413C0819156BDA008E0E5F /* InfoPlist.strings in Resources */ = {isa = PBXBuildFile; fileRef = D0413C0619156BDA008E0E5F /* InfoPlist.strings */; };
		D0413C0A19156BDA008E0E5F /* main.m in Sources */ = {isa = PBXBuildFile; fileRef = D0413C0919156BDA008E0E5F /* main.m */; };
		D0413C0E19156BDA008E0E5F /* RollingBallAppDelegate.m in Sources */ = {isa = PBXBuildFile; fileRef = D0413C0D19156BDA008E0E5F /* RollingBallAppDelegate.m */; };
		D0413C1119156BDA008E0E5F /* Main.storyboard in Resources */ = {isa = PBXBuildFile; fileRef = D0413C0F19156BDA008E0E5F /* Main.storyboard */; };
		D0413C1419156BDA008E0E5F /* RollingBallViewController.m in Sources */ = {isa = PBXBuildFile; fileRef = D0413C1319156BDA008E0E5F /* RollingBallViewController.m */; };
		D0413C1719156BDA008E0E5F /* RollingBallMyScene.m in Sources */ = {isa = PBXBuildFile; fileRef = D0413C1619156BDA008E0E5F /* RollingBallMyScene.m */; };
		D0413C1919156BDA008E0E5F /* Spaceship.png in Resources */ = {isa = PBXBuildFile; fileRef = D0413C1819156BDA008E0E5F /* Spaceship.png */; };
		D0413C1B19156BDA008E0E5F /* Images.xcassets in Resources */ = {isa = PBXBuildFile; fileRef = D0413C1A19156BDA008E0E5F /* Images.xcassets */; };
		D0413C2219156BDA008E0E5F /* XCTest.framework in Frameworks */ = {isa = PBXBuildFile; fileRef = D0413C2119156BDA008E0E5F /* XCTest.framework */; };
		D0413C2319156BDA008E0E5F /* Foundation.framework in Frameworks */ = {isa = PBXBuildFile; fileRef = D0413BFB19156BDA008E0E5F /* Foundation.framework */; };
		D0413C2419156BDA008E0E5F /* UIKit.framework in Frameworks */ = {isa = PBXBuildFile; fileRef = D0413BFF19156BDA008E0E5F /* UIKit.framework */; };
		D0413C2C19156BDA008E0E5F /* InfoPlist.strings in Resources */ = {isa = PBXBuildFile; fileRef = D0413C2A19156BDA008E0E5F /* InfoPlist.strings */; };
		D0413C2E19156BDA008E0E5F /* RollingBallTests.m in Sources */ = {isa = PBXBuildFile; fileRef = D0413C2D19156BDA008E0E5F /* RollingBallTests.m */; };
/* End PBXBuildFile section */

/* Begin PBXContainerItemProxy section */
		D0413C2519156BDA008E0E5F /* PBXContainerItemProxy */ = {
			isa = PBXContainerItemProxy;
			containerPortal = D0413BF019156BDA008E0E5F /* Project object */;
			proxyType = 1;
			remoteGlobalIDString = D0413BF719156BDA008E0E5F;
			remoteInfo = RollingBall;
		};
/* End PBXContainerItemProxy section */

/* Begin PBXFileReference section */
		D0413BF819156BDA008E0E5F /* RollingBall.app */ = {isa = PBXFileReference; explicitFileType = wrapper.application; includeInIndex = 0; path = RollingBall.app; sourceTree = BUILT_PRODUCTS_DIR; };
		D0413BFB19156BDA008E0E5F /* Foundation.framework */ = {isa = PBXFileReference; lastKnownFileType = wrapper.framework; name = Foundation.framework; path = System/Library/Frameworks/Foundation.framework; sourceTree = SDKROOT; };
		D0413BFD19156BDA008E0E5F /* CoreGraphics.framework */ = {isa = PBXFileReference; lastKnownFileType = wrapper.framework; name = CoreGraphics.framework; path = System/Library/Frameworks/CoreGraphics.framework; sourceTree = SDKROOT; };
		D0413BFF19156BDA008E0E5F /* UIKit.framework */ = {isa = PBXFileReference; lastKnownFileType = wrapper.framework; name = UIKit.framework; path = System/Library/Frameworks/UIKit.framework; sourceTree = SDKROOT; };
		D0413C0119156BDA008E0E5F /* SpriteKit.framework */ = {isa = PBXFileReference; lastKnownFileType = wrapper.framework; name = SpriteKit.framework; path = System/Library/Frameworks/SpriteKit.framework; sourceTree = SDKROOT; };
		D0413C0519156BDA008E0E5F /* RollingBall-Info.plist */ = {isa = PBXFileReference; lastKnownFileType = text.plist.xml; path = "RollingBall-Info.plist"; sourceTree = "<group>"; };
		D0413C0719156BDA008E0E5F /* en */ = {isa = PBXFileReference; lastKnownFileType = text.plist.strings; name = en; path = en.lproj/InfoPlist.strings; sourceTree = "<group>"; };
		D0413C0919156BDA008E0E5F /* main.m */ = {isa = PBXFileReference; lastKnownFileType = sourcecode.c.objc; path = main.m; sourceTree = "<group>"; };
		D0413C0B19156BDA008E0E5F /* RollingBall-Prefix.pch */ = {isa = PBXFileReference; lastKnownFileType = sourcecode.c.h; path = "RollingBall-Prefix.pch"; sourceTree = "<group>"; };
		D0413C0C19156BDA008E0E5F /* RollingBallAppDelegate.h */ = {isa = PBXFileReference; lastKnownFileType = sourcecode.c.h; path = RollingBallAppDelegate.h; sourceTree = "<group>"; };
		D0413C0D19156BDA008E0E5F /* RollingBallAppDelegate.m */ = {isa = PBXFileReference; lastKnownFileType = sourcecode.c.objc; path = RollingBallAppDelegate.m; sourceTree = "<group>"; };
		D0413C1019156BDA008E0E5F /* Base */ = {isa = PBXFileReference; lastKnownFileType = file.storyboard; name = Base; path = Base.lproj/Main.storyboard; sourceTree = "<group>"; };
		D0413C1219156BDA008E0E5F /* RollingBallViewController.h */ = {isa = PBXFileReference; lastKnownFileType = sourcecode.c.h; path = RollingBallViewController.h; sourceTree = "<group>"; };
		D0413C1319156BDA008E0E5F /* RollingBallViewController.m */ = {isa = PBXFileReference; lastKnownFileType = sourcecode.c.objc; path = RollingBallViewController.m; sourceTree = "<group>"; };
		D0413C1519156BDA008E0E5F /* RollingBallMyScene.h */ = {isa = PBXFileReference; lastKnownFileType = sourcecode.c.h; path = RollingBallMyScene.h; sourceTree = "<group>"; };
		D0413C1619156BDA008E0E5F /* RollingBallMyScene.m */ = {isa = PBXFileReference; lastKnownFileType = sourcecode.c.objc; path = RollingBallMyScene.m; sourceTree = "<group>"; };
		D0413C1819156BDA008E0E5F /* Spaceship.png */ = {isa = PBXFileReference; lastKnownFileType = image.png; path = Spaceship.png; sourceTree = "<group>"; };
		D0413C1A19156BDA008E0E5F /* Images.xcassets */ = {isa = PBXFileReference; lastKnownFileType = folder.assetcatalog; path = Images.xcassets; sourceTree = "<group>"; };
		D0413C2019156BDA008E0E5F /* RollingBallTests.xctest */ = {isa = PBXFileReference; explicitFileType = wrapper.cfbundle; includeInIndex = 0; path = RollingBallTests.xctest; sourceTree = BUILT_PRODUCTS_DIR; };
		D0413C2119156BDA008E0E5F /* XCTest.framework */ = {isa = PBXFileReference; lastKnownFileType = wrapper.framework; name = XCTest.framework; path = Library/Frameworks/XCTest.framework; sourceTree = DEVELOPER_DIR; };
		D0413C2919156BDA008E0E5F /* RollingBallTests-Info.plist */ = {isa = PBXFileReference; lastKnownFileType = text.plist.xml; path = "RollingBallTests-Info.plist"; sourceTree = "<group>"; };
		D0413C2B19156BDA008E0E5F /* en */ = {isa = PBXFileReference; lastKnownFileType = text.plist.strings; name = en; path = en.lproj/InfoPlist.strings; sourceTree = "<group>"; };
		D0413C2D19156BDA008E0E5F /* RollingBallTests.m */ = {isa = PBXFileReference; lastKnownFileType = sourcecode.c.objc; path = RollingBallTests.m; sourceTree = "<group>"; };
/* End PBXFileReference section */

/* Begin PBXFrameworksBuildPhase section */
		D0413BF519156BDA008E0E5F /* Frameworks */ = {
			isa = PBXFrameworksBuildPhase;
			buildActionMask = 2147483647;
			files = (
				D0413BFE19156BDA008E0E5F /* CoreGraphics.framework in Frameworks */,
				D0413C0019156BDA008E0E5F /* UIKit.framework in Frameworks */,
				D0413C0219156BDA008E0E5F /* SpriteKit.framework in Frameworks */,
				D0413BFC19156BDA008E0E5F /* Foundation.framework in Frameworks */,
			);
			runOnlyForDeploymentPostprocessing = 0;
		};
		D0413C1D19156BDA008E0E5F /* Frameworks */ = {
			isa = PBXFrameworksBuildPhase;
			buildActionMask = 2147483647;
			files = (
				D0413C2219156BDA008E0E5F /* XCTest.framework in Frameworks */,
				D0413C2419156BDA008E0E5F /* UIKit.framework in Frameworks */,
				D0413C2319156BDA008E0E5F /* Foundation.framework in Frameworks */,
			);
			runOnlyForDeploymentPostprocessing = 0;
		};
/* End PBXFrameworksBuildPhase section */

/* Begin PBXGroup section */
		D0413BEF19156BDA008E0E5F = {
			isa = PBXGroup;
			children = (
				D0413C0319156BDA008E0E5F /* RollingBall */,
				D0413C2719156BDA008E0E5F /* RollingBallTests */,
				D0413BFA19156BDA008E0E5F /* Frameworks */,
				D0413BF919156BDA008E0E5F /* Products */,
			);
			sourceTree = "<group>";
		};
		D0413BF919156BDA008E0E5F /* Products */ = {
			isa = PBXGroup;
			children = (
				D0413BF819156BDA008E0E5F /* RollingBall.app */,
				D0413C2019156BDA008E0E5F /* RollingBallTests.xctest */,
			);
			name = Products;
			sourceTree = "<group>";
		};
		D0413BFA19156BDA008E0E5F /* Frameworks */ = {
			isa = PBXGroup;
			children = (
				D0413BFB19156BDA008E0E5F /* Foundation.framework */,
				D0413BFD19156BDA008E0E5F /* CoreGraphics.framework */,
				D0413BFF19156BDA008E0E5F /* UIKit.framework */,
				D0413C0119156BDA008E0E5F /* SpriteKit.framework */,
				D0413C2119156BDA008E0E5F /* XCTest.framework */,
			);
			name = Frameworks;
			sourceTree = "<group>";
		};
		D0413C0319156BDA008E0E5F /* RollingBall */ = {
			isa = PBXGroup;
			children = (
				D0413C0C19156BDA008E0E5F /* RollingBallAppDelegate.h */,
				D0413C0D19156BDA008E0E5F /* RollingBallAppDelegate.m */,
				D0413C0F19156BDA008E0E5F /* Main.storyboard */,
				D0413C1219156BDA008E0E5F /* RollingBallViewController.h */,
				D0413C1319156BDA008E0E5F /* RollingBallViewController.m */,
				D0413C1519156BDA008E0E5F /* RollingBallMyScene.h */,
				D0413C1619156BDA008E0E5F /* RollingBallMyScene.m */,
				D0413C1819156BDA008E0E5F /* Spaceship.png */,
				D0413C1A19156BDA008E0E5F /* Images.xcassets */,
				D0413C0419156BDA008E0E5F /* Supporting Files */,
			);
			path = RollingBall;
			sourceTree = "<group>";
		};
		D0413C0419156BDA008E0E5F /* Supporting Files */ = {
			isa = PBXGroup;
			children = (
				D0413C0519156BDA008E0E5F /* RollingBall-Info.plist */,
				D0413C0619156BDA008E0E5F /* InfoPlist.strings */,
				D0413C0919156BDA008E0E5F /* main.m */,
				D0413C0B19156BDA008E0E5F /* RollingBall-Prefix.pch */,
			);
			name = "Supporting Files";
			sourceTree = "<group>";
		};
		D0413C2719156BDA008E0E5F /* RollingBallTests */ = {
			isa = PBXGroup;
			children = (
				D0413C2D19156BDA008E0E5F /* RollingBallTests.m */,
				D0413C2819156BDA008E0E5F /* Supporting Files */,
			);
			path = RollingBallTests;
			sourceTree = "<group>";
		};
		D0413C2819156BDA008E0E5F /* Supporting Files */ = {
			isa = PBXGroup;
			children = (
				D0413C2919156BDA008E0E5F /* RollingBallTests-Info.plist */,
				D0413C2A19156BDA008E0E5F /* InfoPlist.strings */,
			);
			name = "Supporting Files";
			sourceTree = "<group>";
		};
/* End PBXGroup section */

/* Begin PBXNativeTarget section */
		D0413BF719156BDA008E0E5F /* RollingBall */ = {
			isa = PBXNativeTarget;
			buildConfigurationList = D0413C3119156BDA008E0E5F /* Build configuration list for PBXNativeTarget "RollingBall" */;
			buildPhases = (
				D0413BF419156BDA008E0E5F /* Sources */,
				D0413BF519156BDA008E0E5F /* Frameworks */,
				D0413BF619156BDA008E0E5F /* Resources */,
			);
			buildRules = (
			);
			dependencies = (
			);
			name = RollingBall;
			productName = RollingBall;
			productReference = D0413BF819156BDA008E0E5F /* RollingBall.app */;
			productType = "com.apple.product-type.application";
		};
		D0413C1F19156BDA008E0E5F /* RollingBallTests */ = {
			isa = PBXNativeTarget;
			buildConfigurationList = D0413C3419156BDA008E0E5F /* Build configuration list for PBXNativeTarget "RollingBallTests" */;
			buildPhases = (
				D0413C1C19156BDA008E0E5F /* Sources */,
				D0413C1D19156BDA008E0E5F /* Frameworks */,
				D0413C1E19156BDA008E0E5F /* Resources */,
			);
			buildRules = (
			);
			dependencies = (
				D0413C2619156BDA008E0E5F /* PBXTargetDependency */,
			);
			name = RollingBallTests;
			productName = RollingBallTests;
			productReference = D0413C2019156BDA008E0E5F /* RollingBallTests.xctest */;
			productType = "com.apple.product-type.bundle.unit-test";
		};
/* End PBXNativeTarget section */

/* Begin PBXProject section */
		D0413BF019156BDA008E0E5F /* Project object */ = {
			isa = PBXProject;
			attributes = {
				CLASSPREFIX = RollingBall;
				LastUpgradeCheck = 0510;
				ORGANIZATIONNAME = peter;
				TargetAttributes = {
					D0413C1F19156BDA008E0E5F = {
						TestTargetID = D0413BF719156BDA008E0E5F;
					};
				};
			};
			buildConfigurationList = D0413BF319156BDA008E0E5F /* Build configuration list for PBXProject "RollingBall" */;
			compatibilityVersion = "Xcode 3.2";
			developmentRegion = English;
			hasScannedForEncodings = 0;
			knownRegions = (
				en,
				Base,
			);
			mainGroup = D0413BEF19156BDA008E0E5F;
			productRefGroup = D0413BF919156BDA008E0E5F /* Products */;
			projectDirPath = "";
			projectRoot = "";
			targets = (
				D0413BF719156BDA008E0E5F /* RollingBall */,
				D0413C1F19156BDA008E0E5F /* RollingBallTests */,
			);
		};
/* End PBXProject section */

/* Begin PBXResourcesBuildPhase section */
		D0413BF619156BDA008E0E5F /* Resources */ = {
			isa = PBXResourcesBuildPhase;
			buildActionMask = 2147483647;
			files = (
				D0413C0819156BDA008E0E5F /* InfoPlist.strings in Resources */,
				D0413C1B19156BDA008E0E5F /* Images.xcassets in Resources */,
				D0413C1919156BDA008E0E5F /* Spaceship.png in Resources */,
				D0413C1119156BDA008E0E5F /* Main.storyboard in Resources */,
			);
			runOnlyForDeploymentPostprocessing = 0;
		};
		D0413C1E19156BDA008E0E5F /* Resources */ = {
			isa = PBXResourcesBuildPhase;
			buildActionMask = 2147483647;
			files = (
				D0413C2C19156BDA008E0E5F /* InfoPlist.strings in Resources */,
			);
			runOnlyForDeploymentPostprocessing = 0;
		};
/* End PBXResourcesBuildPhase section */

/* Begin PBXSourcesBuildPhase section */
		D0413BF419156BDA008E0E5F /* Sources */ = {
			isa = PBXSourcesBuildPhase;
			buildActionMask = 2147483647;
			files = (
				D0413C0A19156BDA008E0E5F /* main.m in Sources */,
				D0413C1719156BDA008E0E5F /* RollingBallMyScene.m in Sources */,
				D0413C1419156BDA008E0E5F /* RollingBallViewController.m in Sources */,
				D0413C0E19156BDA008E0E5F /* RollingBallAppDelegate.m in Sources */,
			);
			runOnlyForDeploymentPostprocessing = 0;
		};
		D0413C1C19156BDA008E0E5F /* Sources */ = {
			isa = PBXSourcesBuildPhase;
			buildActionMask = 2147483647;
			files = (
				D0413C2E19156BDA008E0E5F /* RollingBallTests.m in Sources */,
			);
			runOnlyForDeploymentPostprocessing = 0;
		};
/* End PBXSourcesBuildPhase section */

/* Begin PBXTargetDependency section */
		D0413C2619156BDA008E0E5F /* PBXTargetDependency */ = {
			isa = PBXTargetDependency;
			target = D0413BF719156BDA008E0E5F /* RollingBall */;
			targetProxy = D0413C2519156BDA008E0E5F /* PBXContainerItemProxy */;
		};
/* End PBXTargetDependency section */

/* Begin PBXVariantGroup section */
		D0413C0619156BDA008E0E5F /* InfoPlist.strings */ = {
			isa = PBXVariantGroup;
			children = (
				D0413C0719156BDA008E0E5F /* en */,
			);
			name = InfoPlist.strings;
			sourceTree = "<group>";
		};
		D0413C0F19156BDA008E0E5F /* Main.storyboard */ = {
			isa = PBXVariantGroup;
			children = (
				D0413C1019156BDA008E0E5F /* Base */,
			);
			name = Main.storyboard;
			sourceTree = "<group>";
		};
		D0413C2A19156BDA008E0E5F /* InfoPlist.strings */ = {
			isa = PBXVariantGroup;
			children = (
				D0413C2B19156BDA008E0E5F /* en */,
			);
			name = InfoPlist.strings;
			sourceTree = "<group>";
		};
/* End PBXVariantGroup section */

/* Begin XCBuildConfiguration section */
		D0413C2F19156BDA008E0E5F /* Debug */ = {
			isa = XCBuildConfiguration;
			buildSettings = {
				ALWAYS_SEARCH_USER_PATHS = NO;
				CLANG_CXX_LANGUAGE_STANDARD = "gnu++0x";
				CLANG_CXX_LIBRARY = "libc++";
				CLANG_ENABLE_MODULES = YES;
				CLANG_ENABLE_OBJC_ARC = YES;
				CLANG_WARN_BOOL_CONVERSION = YES;
				CLANG_WARN_CONSTANT_CONVERSION = YES;
				CLANG_WARN_DIRECT_OBJC_ISA_USAGE = YES_ERROR;
				CLANG_WARN_EMPTY_BODY = YES;
				CLANG_WARN_ENUM_CONVERSION = YES;
				CLANG_WARN_INT_CONVERSION = YES;
				CLANG_WARN_OBJC_ROOT_CLASS = YES_ERROR;
				CLANG_WARN__DUPLICATE_METHOD_MATCH = YES;
				"CODE_SIGN_IDENTITY[sdk=iphoneos*]" = "iPhone Developer";
				COPY_PHASE_STRIP = NO;
				GCC_C_LANGUAGE_STANDARD = gnu99;
				GCC_DYNAMIC_NO_PIC = NO;
				GCC_OPTIMIZATION_LEVEL = 0;
				GCC_PREPROCESSOR_DEFINITIONS = (
					"DEBUG=1",
					"$(inherited)",
				);
				GCC_SYMBOLS_PRIVATE_EXTERN = NO;
				GCC_WARN_64_TO_32_BIT_CONVERSION = YES;
				GCC_WARN_ABOUT_RETURN_TYPE = YES_ERROR;
				GCC_WARN_UNDECLARED_SELECTOR = YES;
				GCC_WARN_UNINITIALIZED_AUTOS = YES_AGGRESSIVE;
				GCC_WARN_UNUSED_FUNCTION = YES;
				GCC_WARN_UNUSED_VARIABLE = YES;
				IPHONEOS_DEPLOYMENT_TARGET = 7.1;
				ONLY_ACTIVE_ARCH = YES;
				SDKROOT = iphoneos;
			};
			name = Debug;
		};
		D0413C3019156BDA008E0E5F /* Release */ = {
			isa = XCBuildConfiguration;
			buildSettings = {
				ALWAYS_SEARCH_USER_PATHS = NO;
				CLANG_CXX_LANGUAGE_STANDARD = "gnu++0x";
				CLANG_CXX_LIBRARY = "libc++";
				CLANG_ENABLE_MODULES = YES;
				CLANG_ENABLE_OBJC_ARC = YES;
				CLANG_WARN_BOOL_CONVERSION = YES;
				CLANG_WARN_CONSTANT_CONVERSION = YES;
				CLANG_WARN_DIRECT_OBJC_ISA_USAGE = YES_ERROR;
				CLANG_WARN_EMPTY_BODY = YES;
				CLANG_WARN_ENUM_CONVERSION = YES;
				CLANG_WARN_INT_CONVERSION = YES;
				CLANG_WARN_OBJC_ROOT_CLASS = YES_ERROR;
				CLANG_WARN__DUPLICATE_METHOD_MATCH = YES;
				"CODE_SIGN_IDENTITY[sdk=iphoneos*]" = "iPhone Developer";
				COPY_PHASE_STRIP = YES;
				ENABLE_NS_ASSERTIONS = NO;
				GCC_C_LANGUAGE_STANDARD = gnu99;
				GCC_WARN_64_TO_32_BIT_CONVERSION = YES;
				GCC_WARN_ABOUT_RETURN_TYPE = YES_ERROR;
				GCC_WARN_UNDECLARED_SELECTOR = YES;
				GCC_WARN_UNINITIALIZED_AUTOS = YES_AGGRESSIVE;
				GCC_WARN_UNUSED_FUNCTION = YES;
				GCC_WARN_UNUSED_VARIABLE = YES;
				IPHONEOS_DEPLOYMENT_TARGET = 7.1;
				SDKROOT = iphoneos;
				VALIDATE_PRODUCT = YES;
			};
			name = Release;
		};
		D0413C3219156BDA008E0E5F /* Debug */ = {
			isa = XCBuildConfiguration;
			buildSettings = {
				ASSETCATALOG_COMPILER_APPICON_NAME = AppIcon;
				ASSETCATALOG_COMPILER_LAUNCHIMAGE_NAME = LaunchImage;
				GCC_PRECOMPILE_PREFIX_HEADER = YES;
				GCC_PREFIX_HEADER = "RollingBall/RollingBall-Prefix.pch";
				INFOPLIST_FILE = "RollingBall/RollingBall-Info.plist";
				PRODUCT_NAME = "$(TARGET_NAME)";
				SPRITEKIT_TEXTURE_ATLAS_OUTPUT = YES;
				WRAPPER_EXTENSION = app;
			};
			name = Debug;
		};
		D0413C3319156BDA008E0E5F /* Release */ = {
			isa = XCBuildConfiguration;
			buildSettings = {
				ASSETCATALOG_COMPILER_APPICON_NAME = AppIcon;
				ASSETCATALOG_COMPILER_LAUNCHIMAGE_NAME = LaunchImage;
				GCC_PRECOMPILE_PREFIX_HEADER = YES;
				GCC_PREFIX_HEADER = "RollingBall/RollingBall-Prefix.pch";
				INFOPLIST_FILE = "RollingBall/RollingBall-Info.plist";
				PRODUCT_NAME = "$(TARGET_NAME)";
				SPRITEKIT_TEXTURE_ATLAS_OUTPUT = YES;
				WRAPPER_EXTENSION = app;
			};
			name = Release;
		};
		D0413C3519156BDA008E0E5F /* Debug */ = {
			isa = XCBuildConfiguration;
			buildSettings = {
				BUNDLE_LOADER = "$(BUILT_PRODUCTS_DIR)/RollingBall.app/RollingBall";
				FRAMEWORK_SEARCH_PATHS = (
					"$(SDKROOT)/Developer/Library/Frameworks",
					"$(inherited)",
					"$(DEVELOPER_FRAMEWORKS_DIR)",
				);
				GCC_PRECOMPILE_PREFIX_HEADER = YES;
				GCC_PREFIX_HEADER = "RollingBall/RollingBall-Prefix.pch";
				GCC_PREPROCESSOR_DEFINITIONS = (
					"DEBUG=1",
					"$(inherited)",
				);
				INFOPLIST_FILE = "RollingBallTests/RollingBallTests-Info.plist";
				PRODUCT_NAME = "$(TARGET_NAME)";
				TEST_HOST = "$(BUNDLE_LOADER)";
				WRAPPER_EXTENSION = xctest;
			};
			name = Debug;
		};
		D0413C3619156BDA008E0E5F /* Release */ = {
			isa = XCBuildConfiguration;
			buildSettings = {
				BUNDLE_LOADER = "$(BUILT_PRODUCTS_DIR)/RollingBall.app/RollingBall";
				FRAMEWORK_SEARCH_PATHS = (
					"$(SDKROOT)/Developer/Library/Frameworks",
					"$(inherited)",
					"$(DEVELOPER_FRAMEWORKS_DIR)",
				);
				GCC_PRECOMPILE_PREFIX_HEADER = YES;
				GCC_PREFIX_HEADER = "RollingBall/RollingBall-Prefix.pch";
				INFOPLIST_FILE = "RollingBallTests/RollingBallTests-Info.plist";
				PRODUCT_NAME = "$(TARGET_NAME)";
				TEST_HOST = "$(BUNDLE_LOADER)";
				WRAPPER_EXTENSION = xctest;
			};
			name = Release;
		};
/* End XCBuildConfiguration section */

/* Begin XCConfigurationList section */
		D0413BF319156BDA008E0E5F /* Build configuration list for PBXProject "RollingBall" */ = {
			isa = XCConfigurationList;
			buildConfigurations = (
				D0413C2F19156BDA008E0E5F /* Debug */,
				D0413C3019156BDA008E0E5F /* Release */,
			);
			defaultConfigurationIsVisible = 0;
			defaultConfigurationName = Release;
		};
		D0413C3119156BDA008E0E5F /* Build configuration list for PBXNativeTarget "RollingBall" */ = {
			isa = XCConfigurationList;
			buildConfigurations = (
				D0413C3219156BDA008E0E5F /* Debug */,
				D0413C3319156BDA008E0E5F /* Release */,
			);
			defaultConfigurationIsVisible = 0;
		};
		D0413C3419156BDA008E0E5F /* Build configuration list for PBXNativeTarget "RollingBallTests" */ = {
			isa = XCConfigurationList;
			buildConfigurations = (
				D0413C3519156BDA008E0E5F /* Debug */,
				D0413C3619156BDA008E0E5F /* Release */,
			);
			defaultConfigurationIsVisible = 0;
		};
/* End XCConfigurationList section */
	};
	rootObject = D0413BF019156BDA008E0E5F /* Project object */;
}
